{
  "name": "@jeannie/compose",
  "version": "0.10.0",
  "lockfileVersion": 3,
  "requires": true,
  "packages": {
    "": {
      "name": "@jeannie/compose",
      "version": "0.10.0",
      "license": "MIT",
      "dependencies": {
        "commander": "^12.1.0",
        "midi-file": "^1.2.4",
        "midi-writer-js": "^3.1.1"
      },
      "bin": {
        "jeannie": "dist/cli.js"
      },
      "devDependencies": {
        "@types/node": "^22.10.5",
        "typescript": "^5.7.2"
      }
    },
    "node_modules/@tonaljs/midi": {
      "version": "4.10.2",
      "resolved": "https://registry.npmjs.org/@tonaljs/midi/-/midi-4.10.2.tgz",
      "integrity": "sha512-MPamXhEwPL7L1udLfYMm3Ft8mLYtHr62Zi2w5zYHM2P7YwIvNoiX0+dvAN5is1Wvq4iVRa8AjFHerjOW/SZhGg==",
      "license": "MIT",
      "dependencies": {
        "@tonaljs/pitch-note": "6.1.0"
      }
    },
    "node_modules/@tonaljs/pitch": {
      "version": "5.0.2",
      "resolved": "https://registry.npmjs.org/@tonaljs/pitch/-/pitch-5.0.2.tgz",
      "integrity": "sha512-mxaXJPPe+LIJdjzpZEl8I8Wx3dEvlzkBbsr2Ltwc2dTAdnErAZ5R0TxVq2egF27lMvQN2QPQPWI9iDPPdVUmrg==",
      "license": "MIT"
    },
    "node_modules/@tonaljs/pitch-note": {
      "version": "6.1.0",
      "resolved": "https://registry.npmjs.org/@tonaljs/pitch-note/-/pitch-note-6.1.0.tgz",
      "integrity": "sha512-A4OSLo8DjM38u73862LnDmL4YInDDRBmg0fojXcvu4cyU3oOlqndyeHOra1OVoH/WW46uNIxNs1wJDZNPWL5KQ==",
      "license": "MIT",
      "dependencies": {
        "@tonaljs/pitch": "5.0.2"
      }
    },
    "node_modules/@types/node": {
      "version": "22.19.3",
      "resolved": "https://registry.npmjs.org/@types/node/-/node-22.19.3.tgz",
      "integrity": "sha512-1N9SBnWYOJTrNZCdh/yJE+t910Y128BoyY+zBLWhL3r0TYzlTmFdXrPwHL9DyFZmlEXNQQolTZh3KHV31QDhyA==",
      "dev": true,
      "license": "MIT",
      "dependencies": {
        "undici-types": "~6.21.0"
      }
    },
    "node_modules/commander": {
      "version": "12.1.0",
      "resolved": "https://registry.npmjs.org/commander/-/commander-12.1.0.tgz",
      "integrity": "sha512-Vw8qHK3bZM9y/P10u3Vib8o/DdkvA2OtPtZvD871QKjy74Wj1WSKFILMPRPSdUSx5RFK1arlJzEtA4PkFgnbuA==",
      "license": "MIT",
      "engines": {
        "node": ">=18"
      }
    },
    "node_modules/midi-file": {
      "version": "1.2.4",
      "resolved": "https://registry.npmjs.org/midi-file/-/midi-file-1.2.4.tgz",
      "integrity": "sha512-B5SnBC6i2bwJIXTY9MElIydJwAmnKx+r5eJ1jknTLetzLflEl0GWveuBB6ACrQpecSRkOB6fhTx1PwXk2BVxnA==",
      "license": "MIT"
    },
    "node_modules/midi-writer-js": {
      "version": "3.1.1",
      "resolved": "https://registry.npmjs.org/midi-writer-js/-/midi-writer-js-3.1.1.tgz",
      "integrity": "sha512-ruRzUWtmcvD7xQcrKRk9fH+1BELv8x07QJxhpM4PS5n6+MOyPb39ifxTV/oI1hHPgKMSuhnhWw2MaGWUAvH9DA==",
      "hasInstallScript": true,
      "license": "MIT",
      "dependencies": {
        "@tonaljs/midi": "^4.9.0"
      }
    },
    "node_modules/typescript": {
      "version": "5.9.3",
      "resolved": "https://registry.npmjs.org/typescript/-/typescript-5.9.3.tgz",
      "integrity": "sha512-jl1vZzPDinLr9eUt3J/t7V6FgNEw9QjvBPdysz9KfQDD41fQrC2Y4vKQdiaUpFT4bXlb1RHhLpp8wtm6M5TgSw==",
      "dev": true,
      "license": "Apache-2.0",
      "bin": {
        "tsc": "bin/tsc",
        "tsserver": "bin/tsserver"
      },
      "engines": {
        "node": ">=14.17"
      }
    },
    "node_modules/undici-types": {
      "version": "6.21.0",
      "resolved": "https://registry.npmjs.org/undici-types/-/undici-types-6.21.0.tgz",
      "integrity": "sha512-iwDZqg0QAGrg9Rav5H4n0M64c3mkR59cJ6wQp+7C4nI0gsmExaedaYLNO44eT4AtBBwjbTiGPMlt2Md0T9H9JQ==",
      "dev": true,
      "license": "MIT"
    }
  }
}
